
Microsoft Visual Studio Solution File, Format Version 12.00
# Visual Studio Version 17
VisualStudioVersion = 17.14.36518.9 d17.14
MinimumVisualStudioVersion = 10.0.40219.1
Project("{FAE04EC0-301F-11D3-BF4B-00C04F79EFBC}") = "IskraAnalytics.API", "IskraAnalytics.API\IskraAnalytics.API.csproj", "{590962C2-B879-49D7-B48D-12AA613E0EEB}"
EndProject
Global
	GlobalSection(SolutionConfigurationPlatforms) = preSolution
		Debug|Any CPU = Debug|Any CPU
		Release|Any CPU = Release|Any CPU
	EndGlobalSection
	GlobalSection(ProjectConfigurationPlatforms) = postSolution
		{590962C2-B879-49D7-B48D-12AA613E0EEB}.Debug|Any CPU.ActiveCfg = Debug|Any CPU
		{590962C2-B879-49D7-B48D-12AA613E0EEB}.Debug|Any CPU.Build.0 = Debug|Any CPU
		{590962C2-B879-49D7-B48D-12AA613E0EEB}.Release|Any CPU.ActiveCfg = Release|Any CPU
		{590962C2-B879-49D7-B48D-12AA613E0EEB}.Release|Any CPU.Build.0 = Release|Any CPU
	EndGlobalSection
	GlobalSection(SolutionProperties) = preSolution
		HideSolutionNode = FALSE
	EndGlobalSection
	GlobalSection(ExtensibilityGlobals) = postSolution
		SolutionGuid = {316D34F8-702E-4AF5-B101-D541E0F5D17A}
	EndGlobalSection
EndGlobal
